
Microsoft Visual Studio Solution File, Format Version 12.00
# Visual Studio Version 16
VisualStudioVersion = 16.0.29926.136
MinimumVisualStudioVersion = 10.0.40219.1
Project("{FAE04EC0-301F-11D3-BF4B-00C04F79EFBC}") = "TextBoxBugReproduction", "TextBoxBugReproduction\TextBoxBugReproduction.csproj", "{50759E19-99A4-41F2-BCCF-C1EEEFCA5282}"
EndProject
Global
	GlobalSection(SolutionConfigurationPlatforms) = preSolution
		Debug|Any CPU = Debug|Any CPU
		Release|Any CPU = Release|Any CPU
	EndGlobalSection
	GlobalSection(ProjectConfigurationPlatforms) = postSolution
		{50759E19-99A4-41F2-BCCF-C1EEEFCA5282}.Debug|Any CPU.ActiveCfg = Debug|Any CPU
		{50759E19-99A4-41F2-BCCF-C1EEEFCA5282}.Debug|Any CPU.Build.0 = Debug|Any CPU
		{50759E19-99A4-41F2-BCCF-C1EEEFCA5282}.Release|Any CPU.ActiveCfg = Release|Any CPU
		{50759E19-99A4-41F2-BCCF-C1EEEFCA5282}.Release|Any CPU.Build.0 = Release|Any CPU
	EndGlobalSection
	GlobalSection(SolutionProperties) = preSolution
		HideSolutionNode = FALSE
	EndGlobalSection
	GlobalSection(ExtensibilityGlobals) = postSolution
		SolutionGuid = {C80E4FB5-5738-4F70-B612-05664F41920F}
	EndGlobalSection
EndGlobal
